<?xml version="1.0" encoding="UTF-8"?>
<!DOCTYPE plist PUBLIC "-//Apple//DTD PLIST 1.0//EN" "http://www.apple.com/DTDs/PropertyList-1.0.dtd">
<plist version="1.0">
<dict>
	<key>archiveVersion</key>
	<string>1</string>
	<key>classes</key>
	<dict/>
	<key>objectVersion</key>
	<string>46</string>
	<key>objects</key>
	<dict>
		<key>383B83131A9A975E00A23D01</key>
		<dict>
			<key>children</key>
			<array>
				<string>383B831E1A9A975E00A23D01</string>
				<string>383B83381A9A975E00A23D01</string>
				<string>383B831D1A9A975E00A23D01</string>
			</array>
			<key>isa</key>
			<string>PBXGroup</string>
			<key>sourceTree</key>
			<string>&lt;group&gt;</string>
		</dict>
		<key>383B83141A9A975E00A23D01</key>
		<dict>
			<key>attributes</key>
			<dict>
				<key>LastUpgradeCheck</key>
				<string>0610</string>
				<key>ORGANIZATIONNAME</key>
				<string>Jayesh Kawli Backup</string>
				<key>TargetAttributes</key>
				<dict>
					<key>383B831B1A9A975E00A23D01</key>
					<dict>
						<key>CreatedOnToolsVersion</key>
						<string>6.1.1</string>
					</dict>
					<key>383B83341A9A975E00A23D01</key>
					<dict>
						<key>CreatedOnToolsVersion</key>
						<string>6.1.1</string>
						<key>TestTargetID</key>
						<string>383B831B1A9A975E00A23D01</string>
					</dict>
				</dict>
			</dict>
			<key>buildConfigurationList</key>
			<string>383B83171A9A975E00A23D01</string>
			<key>compatibilityVersion</key>
			<string>Xcode 3.2</string>
			<key>developmentRegion</key>
			<string>English</string>
			<key>hasScannedForEncodings</key>
			<string>0</string>
			<key>isa</key>
			<string>PBXProject</string>
			<key>knownRegions</key>
			<array>
				<string>en</string>
				<string>Base</string>
			</array>
			<key>mainGroup</key>
			<string>383B83131A9A975E00A23D01</string>
			<key>productRefGroup</key>
			<string>383B831D1A9A975E00A23D01</string>
			<key>projectDirPath</key>
			<string></string>
			<key>projectReferences</key>
			<array/>
			<key>projectRoot</key>
			<string></string>
			<key>targets</key>
			<array>
				<string>383B831B1A9A975E00A23D01</string>
				<string>383B83341A9A975E00A23D01</string>
			</array>
		</dict>
		<key>383B83171A9A975E00A23D01</key>
		<dict>
			<key>buildConfigurations</key>
			<array>
				<string>383B833D1A9A975E00A23D01</string>
				<string>383B833E1A9A975E00A23D01</string>
			</array>
			<key>defaultConfigurationIsVisible</key>
			<string>0</string>
			<key>defaultConfigurationName</key>
			<string>Release</string>
			<key>isa</key>
			<string>XCConfigurationList</string>
		</dict>
		<key>383B83181A9A975E00A23D01</key>
		<dict>
			<key>buildActionMask</key>
			<string>2147483647</string>
			<key>files</key>
			<array>
				<string>383B83251A9A975E00A23D01</string>
				<string>3898154D1AA2482200DC7854</string>
				<string>3898154A1AA2363300DC7854</string>
				<string>383B835C1A9ADB1600A23D01</string>
				<string>383B83221A9A975E00A23D01</string>
				<string>383B834A1A9A991500A23D01</string>
				<string>389815471AA16ED300DC7854</string>
			</array>
			<key>isa</key>
			<string>PBXSourcesBuildPhase</string>
			<key>runOnlyForDeploymentPostprocessing</key>
			<string>0</string>
		</dict>
		<key>383B83191A9A975E00A23D01</key>
		<dict>
			<key>buildActionMask</key>
			<string>2147483647</string>
			<key>files</key>
			<array/>
			<key>isa</key>
			<string>PBXFrameworksBuildPhase</string>
			<key>runOnlyForDeploymentPostprocessing</key>
			<string>0</string>
		</dict>
		<key>383B831A1A9A975E00A23D01</key>
		<dict>
			<key>buildActionMask</key>
			<string>2147483647</string>
			<key>files</key>
			<array>
				<string>383B83561A9AA27500A23D01</string>
				<string>383B83591A9AA27500A23D01</string>
				<string>383B83581A9AA27500A23D01</string>
				<string>383B83571A9AA27500A23D01</string>
				<string>383B832B1A9A975E00A23D01</string>
				<string>383B83551A9AA27500A23D01</string>
				<string>3873E23D1A9F559B002ADDB4</string>
				<string>383B83301A9A975E00A23D01</string>
				<string>383B83541A9AA27500A23D01</string>
				<string>383B832D1A9A975E00A23D01</string>
			</array>
			<key>isa</key>
			<string>PBXResourcesBuildPhase</string>
			<key>runOnlyForDeploymentPostprocessing</key>
			<string>0</string>
		</dict>
		<key>383B831B1A9A975E00A23D01</key>
		<dict>
			<key>buildConfigurationList</key>
			<string>383B833F1A9A975E00A23D01</string>
			<key>buildPhases</key>
			<array>
				<string>383B83181A9A975E00A23D01</string>
				<string>383B83191A9A975E00A23D01</string>
				<string>383B831A1A9A975E00A23D01</string>
			</array>
			<key>buildRules</key>
			<array/>
			<key>dependencies</key>
			<array/>
			<key>isa</key>
			<string>PBXNativeTarget</string>
			<key>name</key>
			<string>JKSexyOptionsOpener</string>
			<key>productName</key>
			<string>JKSexyOptionsOpener</string>
			<key>productReference</key>
			<string>383B831C1A9A975E00A23D01</string>
			<key>productType</key>
			<string>com.apple.product-type.application</string>
		</dict>
		<key>383B831C1A9A975E00A23D01</key>
		<dict>
			<key>explicitFileType</key>
			<string>wrapper.application</string>
			<key>includeInIndex</key>
			<string>0</string>
			<key>isa</key>
			<string>PBXFileReference</string>
			<key>path</key>
			<string>JKSexyOptionsOpener.app</string>
			<key>sourceTree</key>
			<string>BUILT_PRODUCTS_DIR</string>
		</dict>
		<key>383B831D1A9A975E00A23D01</key>
		<dict>
			<key>children</key>
			<array>
				<string>383B831C1A9A975E00A23D01</string>
				<string>383B83351A9A975E00A23D01</string>
			</array>
			<key>isa</key>
			<string>PBXGroup</string>
			<key>name</key>
			<string>Products</string>
			<key>sourceTree</key>
			<string>&lt;group&gt;</string>
		</dict>
		<key>383B831E1A9A975E00A23D01</key>
		<dict>
			<key>children</key>
			<array>
				<string>389815501AA251E900DC7854</string>
				<string>3898154F1AA251C800DC7854</string>
				<string>383B834D1A9AA1BE00A23D01</string>
				<string>383B83231A9A975E00A23D01</string>
				<string>383B83241A9A975E00A23D01</string>
				<string>383B83291A9A975E00A23D01</string>
				<string>383B832C1A9A975E00A23D01</string>
				<string>383B832E1A9A975E00A23D01</string>
				<string>389815511AA251FA00DC7854</string>
				<string>383B831F1A9A975E00A23D01</string>
			</array>
			<key>isa</key>
			<string>PBXGroup</string>
			<key>path</key>
			<string>JKSexyOptionsOpener</string>
			<key>sourceTree</key>
			<string>&lt;group&gt;</string>
		</dict>
		<key>383B831F1A9A975E00A23D01</key>
		<dict>
			<key>children</key>
			<array>
				<string>383B83201A9A975E00A23D01</string>
				<string>383B83211A9A975E00A23D01</string>
			</array>
			<key>isa</key>
			<string>PBXGroup</string>
			<key>name</key>
			<string>Supporting Files</string>
			<key>path</key>
			<string>Supporting Files</string>
			<key>sourceTree</key>
			<string>&lt;group&gt;</string>
		</dict>
		<key>383B83201A9A975E00A23D01</key>
		<dict>
			<key>isa</key>
			<string>PBXFileReference</string>
			<key>lastKnownFileType</key>
			<string>text.plist.xml</string>
			<key>path</key>
			<string>Info.plist</string>
			<key>sourceTree</key>
			<string>&lt;group&gt;</string>
		</dict>
		<key>383B83211A9A975E00A23D01</key>
		<dict>
			<key>isa</key>
			<string>PBXFileReference</string>
			<key>lastKnownFileType</key>
			<string>sourcecode.c.objc</string>
			<key>path</key>
			<string>main.m</string>
			<key>sourceTree</key>
			<string>&lt;group&gt;</string>
		</dict>
		<key>383B83221A9A975E00A23D01</key>
		<dict>
			<key>fileRef</key>
			<string>383B83211A9A975E00A23D01</string>
			<key>isa</key>
			<string>PBXBuildFile</string>
		</dict>
		<key>383B83231A9A975E00A23D01</key>
		<dict>
			<key>isa</key>
			<string>PBXFileReference</string>
			<key>lastKnownFileType</key>
			<string>sourcecode.c.h</string>
			<key>path</key>
			<string>AppDelegate.h</string>
			<key>sourceTree</key>
			<string>&lt;group&gt;</string>
		</dict>
		<key>383B83241A9A975E00A23D01</key>
		<dict>
			<key>isa</key>
			<string>PBXFileReference</string>
			<key>lastKnownFileType</key>
			<string>sourcecode.c.objc</string>
			<key>path</key>
			<string>AppDelegate.m</string>
			<key>sourceTree</key>
			<string>&lt;group&gt;</string>
		</dict>
		<key>383B83251A9A975E00A23D01</key>
		<dict>
			<key>fileRef</key>
			<string>383B83241A9A975E00A23D01</string>
			<key>isa</key>
			<string>PBXBuildFile</string>
		</dict>
		<key>383B83291A9A975E00A23D01</key>
		<dict>
			<key>children</key>
			<array>
				<string>383B832A1A9A975E00A23D01</string>
			</array>
			<key>isa</key>
			<string>PBXVariantGroup</string>
			<key>name</key>
			<string>Main.storyboard</string>
			<key>sourceTree</key>
			<string>&lt;group&gt;</string>
		</dict>
		<key>383B832A1A9A975E00A23D01</key>
		<dict>
			<key>isa</key>
			<string>PBXFileReference</string>
			<key>lastKnownFileType</key>
			<string>file.storyboard</string>
			<key>name</key>
			<string>Base</string>
			<key>path</key>
			<string>Base.lproj/Main.storyboard</string>
			<key>sourceTree</key>
			<string>&lt;group&gt;</string>
		</dict>
		<key>383B832B1A9A975E00A23D01</key>
		<dict>
			<key>fileRef</key>
			<string>383B83291A9A975E00A23D01</string>
			<key>isa</key>
			<string>PBXBuildFile</string>
		</dict>
		<key>383B832C1A9A975E00A23D01</key>
		<dict>
			<key>isa</key>
			<string>PBXFileReference</string>
			<key>lastKnownFileType</key>
			<string>folder.assetcatalog</string>
			<key>path</key>
			<string>Images.xcassets</string>
			<key>sourceTree</key>
			<string>&lt;group&gt;</string>
		</dict>
		<key>383B832D1A9A975E00A23D01</key>
		<dict>
			<key>fileRef</key>
			<string>383B832C1A9A975E00A23D01</string>
			<key>isa</key>
			<string>PBXBuildFile</string>
		</dict>
		<key>383B832E1A9A975E00A23D01</key>
		<dict>
			<key>children</key>
			<array>
				<string>383B832F1A9A975E00A23D01</string>
			</array>
			<key>isa</key>
			<string>PBXVariantGroup</string>
			<key>name</key>
			<string>LaunchScreen.xib</string>
			<key>sourceTree</key>
			<string>&lt;group&gt;</string>
		</dict>
		<key>383B832F1A9A975E00A23D01</key>
		<dict>
			<key>isa</key>
			<string>PBXFileReference</string>
			<key>lastKnownFileType</key>
			<string>file.xib</string>
			<key>name</key>
			<string>Base</string>
			<key>path</key>
			<string>Base.lproj/LaunchScreen.xib</string>
			<key>sourceTree</key>
			<string>&lt;group&gt;</string>
		</dict>
		<key>383B83301A9A975E00A23D01</key>
		<dict>
			<key>fileRef</key>
			<string>383B832E1A9A975E00A23D01</string>
			<key>isa</key>
			<string>PBXBuildFile</string>
		</dict>
		<key>383B83311A9A975E00A23D01</key>
		<dict>
			<key>buildActionMask</key>
			<string>2147483647</string>
			<key>files</key>
			<array>
				<string>383B833C1A9A975E00A23D01</string>
			</array>
			<key>isa</key>
			<string>PBXSourcesBuildPhase</string>
			<key>runOnlyForDeploymentPostprocessing</key>
			<string>0</string>
		</dict>
		<key>383B83321A9A975E00A23D01</key>
		<dict>
			<key>buildActionMask</key>
			<string>2147483647</string>
			<key>files</key>
			<array/>
			<key>isa</key>
			<string>PBXFrameworksBuildPhase</string>
			<key>runOnlyForDeploymentPostprocessing</key>
			<string>0</string>
		</dict>
		<key>383B83331A9A975E00A23D01</key>
		<dict>
			<key>buildActionMask</key>
			<string>2147483647</string>
			<key>files</key>
			<array/>
			<key>isa</key>
			<string>PBXResourcesBuildPhase</string>
			<key>runOnlyForDeploymentPostprocessing</key>
			<string>0</string>
		</dict>
		<key>383B83341A9A975E00A23D01</key>
		<dict>
			<key>buildConfigurationList</key>
			<string>383B83421A9A975E00A23D01</string>
			<key>buildPhases</key>
			<array>
				<string>383B83311A9A975E00A23D01</string>
				<string>383B83321A9A975E00A23D01</string>
				<string>383B83331A9A975E00A23D01</string>
			</array>
			<key>buildRules</key>
			<array/>
			<key>dependencies</key>
			<array>
				<string>383B83371A9A975E00A23D01</string>
			</array>
			<key>isa</key>
			<string>PBXNativeTarget</string>
			<key>name</key>
			<string>JKSexyOptionsOpenerTests</string>
			<key>productName</key>
			<string>JKSexyOptionsOpenerTests</string>
			<key>productReference</key>
			<string>383B83351A9A975E00A23D01</string>
			<key>productType</key>
			<string>com.apple.product-type.bundle.unit-test</string>
		</dict>
		<key>383B83351A9A975E00A23D01</key>
		<dict>
			<key>explicitFileType</key>
			<string>wrapper.cfbundle</string>
			<key>includeInIndex</key>
			<string>0</string>
			<key>isa</key>
			<string>PBXFileReference</string>
			<key>path</key>
			<string>JKSexyOptionsOpenerTests.xctest</string>
			<key>sourceTree</key>
			<string>BUILT_PRODUCTS_DIR</string>
		</dict>
		<key>383B83361A9A975E00A23D01</key>
		<dict>
			<key>containerPortal</key>
			<string>383B83141A9A975E00A23D01</string>
			<key>isa</key>
			<string>PBXContainerItemProxy</string>
			<key>proxyType</key>
			<string>1</string>
			<key>remoteGlobalIDString</key>
			<string>383B831B1A9A975E00A23D01</string>
			<key>remoteInfo</key>
			<string>JKSexyOptionsOpener</string>
		</dict>
		<key>383B83371A9A975E00A23D01</key>
		<dict>
			<key>isa</key>
			<string>PBXTargetDependency</string>
			<key>target</key>
			<string>383B831B1A9A975E00A23D01</string>
			<key>targetProxy</key>
			<string>383B83361A9A975E00A23D01</string>
		</dict>
		<key>383B83381A9A975E00A23D01</key>
		<dict>
			<key>children</key>
			<array>
				<string>383B833B1A9A975E00A23D01</string>
				<string>383B83391A9A975E00A23D01</string>
			</array>
			<key>isa</key>
			<string>PBXGroup</string>
			<key>path</key>
			<string>JKSexyOptionsOpenerTests</string>
			<key>sourceTree</key>
			<string>&lt;group&gt;</string>
		</dict>
		<key>383B83391A9A975E00A23D01</key>
		<dict>
			<key>children</key>
			<array>
				<string>383B833A1A9A975E00A23D01</string>
			</array>
			<key>isa</key>
			<string>PBXGroup</string>
			<key>name</key>
			<string>Supporting Files</string>
			<key>path</key>
			<string>Supporting Files</string>
			<key>sourceTree</key>
			<string>&lt;group&gt;</string>
		</dict>
		<key>383B833A1A9A975E00A23D01</key>
		<dict>
			<key>isa</key>
			<string>PBXFileReference</string>
			<key>lastKnownFileType</key>
			<string>text.plist.xml</string>
			<key>path</key>
			<string>Info.plist</string>
			<key>sourceTree</key>
			<string>&lt;group&gt;</string>
		</dict>
		<key>383B833B1A9A975E00A23D01</key>
		<dict>
			<key>isa</key>
			<string>PBXFileReference</string>
			<key>lastKnownFileType</key>
			<string>sourcecode.c.objc</string>
			<key>path</key>
			<string>JKSexyOptionsOpenerTests.m</string>
			<key>sourceTree</key>
			<string>&lt;group&gt;</string>
		</dict>
		<key>383B833C1A9A975E00A23D01</key>
		<dict>
			<key>fileRef</key>
			<string>383B833B1A9A975E00A23D01</string>
			<key>isa</key>
			<string>PBXBuildFile</string>
		</dict>
		<key>383B833D1A9A975E00A23D01</key>
		<dict>
			<key>buildSettings</key>
			<dict>
				<key>ALWAYS_SEARCH_USER_PATHS</key>
				<string>NO</string>
				<key>CLANG_CXX_LANGUAGE_STANDARD</key>
				<string>gnu++0x</string>
				<key>CLANG_CXX_LIBRARY</key>
				<string>libc++</string>
				<key>CLANG_ENABLE_MODULES</key>
				<string>YES</string>
				<key>CLANG_ENABLE_OBJC_ARC</key>
				<string>YES</string>
				<key>CLANG_WARN_BOOL_CONVERSION</key>
				<string>YES</string>
				<key>CLANG_WARN_CONSTANT_CONVERSION</key>
				<string>YES</string>
				<key>CLANG_WARN_DIRECT_OBJC_ISA_USAGE</key>
				<string>YES_ERROR</string>
				<key>CLANG_WARN_EMPTY_BODY</key>
				<string>YES</string>
				<key>CLANG_WARN_ENUM_CONVERSION</key>
				<string>YES</string>
				<key>CLANG_WARN_INT_CONVERSION</key>
				<string>YES</string>
				<key>CLANG_WARN_OBJC_ROOT_CLASS</key>
				<string>YES_ERROR</string>
				<key>CLANG_WARN_UNREACHABLE_CODE</key>
				<string>YES</string>
				<key>CLANG_WARN__DUPLICATE_METHOD_MATCH</key>
				<string>YES</string>
				<key>CODE_SIGN_IDENTITY[sdk=iphoneos*]</key>
				<string>iPhone Developer</string>
				<key>COPY_PHASE_STRIP</key>
				<string>NO</string>
				<key>ENABLE_STRICT_OBJC_MSGSEND</key>
				<string>YES</string>
				<key>GCC_C_LANGUAGE_STANDARD</key>
				<string>gnu99</string>
				<key>GCC_DYNAMIC_NO_PIC</key>
				<string>NO</string>
				<key>GCC_OPTIMIZATION_LEVEL</key>
				<string>0</string>
				<key>GCC_PREPROCESSOR_DEFINITIONS</key>
				<array>
					<string>DEBUG=1</string>
					<string>$(inherited)</string>
				</array>
				<key>GCC_SYMBOLS_PRIVATE_EXTERN</key>
				<string>NO</string>
				<key>GCC_WARN_64_TO_32_BIT_CONVERSION</key>
				<string>YES</string>
				<key>GCC_WARN_ABOUT_RETURN_TYPE</key>
				<string>YES_ERROR</string>
				<key>GCC_WARN_UNDECLARED_SELECTOR</key>
				<string>YES</string>
				<key>GCC_WARN_UNINITIALIZED_AUTOS</key>
				<string>YES_AGGRESSIVE</string>
				<key>GCC_WARN_UNUSED_FUNCTION</key>
				<string>YES</string>
				<key>GCC_WARN_UNUSED_VARIABLE</key>
				<string>YES</string>
				<key>IPHONEOS_DEPLOYMENT_TARGET</key>
				<string>8.1</string>
				<key>MTL_ENABLE_DEBUG_INFO</key>
				<string>YES</string>
				<key>ONLY_ACTIVE_ARCH</key>
				<string>YES</string>
				<key>SDKROOT</key>
				<string>iphoneos</string>
				<key>TARGETED_DEVICE_FAMILY</key>
				<string>1,2</string>
			</dict>
			<key>isa</key>
			<string>XCBuildConfiguration</string>
			<key>name</key>
			<string>Debug</string>
		</dict>
		<key>383B833E1A9A975E00A23D01</key>
		<dict>
			<key>buildSettings</key>
			<dict>
				<key>ALWAYS_SEARCH_USER_PATHS</key>
				<string>NO</string>
				<key>CLANG_CXX_LANGUAGE_STANDARD</key>
				<string>gnu++0x</string>
				<key>CLANG_CXX_LIBRARY</key>
				<string>libc++</string>
				<key>CLANG_ENABLE_MODULES</key>
				<string>YES</string>
				<key>CLANG_ENABLE_OBJC_ARC</key>
				<string>YES</string>
				<key>CLANG_WARN_BOOL_CONVERSION</key>
				<string>YES</string>
				<key>CLANG_WARN_CONSTANT_CONVERSION</key>
				<string>YES</string>
				<key>CLANG_WARN_DIRECT_OBJC_ISA_USAGE</key>
				<string>YES_ERROR</string>
				<key>CLANG_WARN_EMPTY_BODY</key>
				<string>YES</string>
				<key>CLANG_WARN_ENUM_CONVERSION</key>
				<string>YES</string>
				<key>CLANG_WARN_INT_CONVERSION</key>
				<string>YES</string>
				<key>CLANG_WARN_OBJC_ROOT_CLASS</key>
				<string>YES_ERROR</string>
				<key>CLANG_WARN_UNREACHABLE_CODE</key>
				<string>YES</string>
				<key>CLANG_WARN__DUPLICATE_METHOD_MATCH</key>
				<string>YES</string>
				<key>CODE_SIGN_IDENTITY[sdk=iphoneos*]</key>
				<string>iPhone Developer</string>
				<key>COPY_PHASE_STRIP</key>
				<string>YES</string>
				<key>ENABLE_NS_ASSERTIONS</key>
				<string>NO</string>
				<key>ENABLE_STRICT_OBJC_MSGSEND</key>
				<string>YES</string>
				<key>GCC_C_LANGUAGE_STANDARD</key>
				<string>gnu99</string>
				<key>GCC_WARN_64_TO_32_BIT_CONVERSION</key>
				<string>YES</string>
				<key>GCC_WARN_ABOUT_RETURN_TYPE</key>
				<string>YES_ERROR</string>
				<key>GCC_WARN_UNDECLARED_SELECTOR</key>
				<string>YES</string>
				<key>GCC_WARN_UNINITIALIZED_AUTOS</key>
				<string>YES_AGGRESSIVE</string>
				<key>GCC_WARN_UNUSED_FUNCTION</key>
				<string>YES</string>
				<key>GCC_WARN_UNUSED_VARIABLE</key>
				<string>YES</string>
				<key>IPHONEOS_DEPLOYMENT_TARGET</key>
				<string>8.1</string>
				<key>MTL_ENABLE_DEBUG_INFO</key>
				<string>NO</string>
				<key>SDKROOT</key>
				<string>iphoneos</string>
				<key>TARGETED_DEVICE_FAMILY</key>
				<string>1,2</string>
				<key>VALIDATE_PRODUCT</key>
				<string>YES</string>
			</dict>
			<key>isa</key>
			<string>XCBuildConfiguration</string>
			<key>name</key>
			<string>Release</string>
		</dict>
		<key>383B833F1A9A975E00A23D01</key>
		<dict>
			<key>buildConfigurations</key>
			<array>
				<string>383B83401A9A975E00A23D01</string>
				<string>383B83411A9A975E00A23D01</string>
			</array>
			<key>defaultConfigurationIsVisible</key>
			<string>0</string>
			<key>defaultConfigurationName</key>
			<string>Release</string>
			<key>isa</key>
			<string>XCConfigurationList</string>
		</dict>
		<key>383B83401A9A975E00A23D01</key>
		<dict>
			<key>buildSettings</key>
			<dict>
				<key>ASSETCATALOG_COMPILER_APPICON_NAME</key>
				<string>AppIcon</string>
				<key>INFOPLIST_FILE</key>
				<string>JKSexyOptionsOpener/Supporting Files/Info.plist</string>
				<key>LD_RUNPATH_SEARCH_PATHS</key>
				<string>$(inherited) @executable_path/Frameworks</string>
				<key>PRODUCT_NAME</key>
				<string>$(TARGET_NAME)</string>
			</dict>
			<key>isa</key>
			<string>XCBuildConfiguration</string>
			<key>name</key>
			<string>Debug</string>
		</dict>
		<key>383B83411A9A975E00A23D01</key>
		<dict>
			<key>buildSettings</key>
			<dict>
				<key>ASSETCATALOG_COMPILER_APPICON_NAME</key>
				<string>AppIcon</string>
				<key>INFOPLIST_FILE</key>
				<string>JKSexyOptionsOpener/Supporting Files/Info.plist</string>
				<key>LD_RUNPATH_SEARCH_PATHS</key>
				<string>$(inherited) @executable_path/Frameworks</string>
				<key>PRODUCT_NAME</key>
				<string>$(TARGET_NAME)</string>
			</dict>
			<key>isa</key>
			<string>XCBuildConfiguration</string>
			<key>name</key>
			<string>Release</string>
		</dict>
		<key>383B83421A9A975E00A23D01</key>
		<dict>
			<key>buildConfigurations</key>
			<array>
				<string>383B83431A9A975E00A23D01</string>
				<string>383B83441A9A975E00A23D01</string>
			</array>
			<key>defaultConfigurationIsVisible</key>
			<string>0</string>
			<key>defaultConfigurationName</key>
			<string>Release</string>
			<key>isa</key>
			<string>XCConfigurationList</string>
		</dict>
		<key>383B83431A9A975E00A23D01</key>
		<dict>
			<key>buildSettings</key>
			<dict>
				<key>BUNDLE_LOADER</key>
				<string>$(TEST_HOST)</string>
				<key>FRAMEWORK_SEARCH_PATHS</key>
				<array>
					<string>$(SDKROOT)/Developer/Library/Frameworks</string>
					<string>$(inherited)</string>
				</array>
				<key>GCC_PREPROCESSOR_DEFINITIONS</key>
				<array>
					<string>DEBUG=1</string>
					<string>$(inherited)</string>
				</array>
				<key>INFOPLIST_FILE</key>
				<string>JKSexyOptionsOpenerTests/Supporting Files/Info.plist</string>
				<key>LD_RUNPATH_SEARCH_PATHS</key>
				<string>$(inherited) @executable_path/Frameworks @loader_path/Frameworks</string>
				<key>PRODUCT_NAME</key>
				<string>$(TARGET_NAME)</string>
				<key>TEST_HOST</key>
				<string>$(BUILT_PRODUCTS_DIR)/JKSexyOptionsOpener.app/JKSexyOptionsOpener</string>
			</dict>
			<key>isa</key>
			<string>XCBuildConfiguration</string>
			<key>name</key>
			<string>Debug</string>
		</dict>
		<key>383B83441A9A975E00A23D01</key>
		<dict>
			<key>buildSettings</key>
			<dict>
				<key>BUNDLE_LOADER</key>
				<string>$(TEST_HOST)</string>
				<key>FRAMEWORK_SEARCH_PATHS</key>
				<array>
					<string>$(SDKROOT)/Developer/Library/Frameworks</string>
					<string>$(inherited)</string>
				</array>
				<key>INFOPLIST_FILE</key>
				<string>JKSexyOptionsOpenerTests/Supporting Files/Info.plist</string>
				<key>LD_RUNPATH_SEARCH_PATHS</key>
				<string>$(inherited) @executable_path/Frameworks @loader_path/Frameworks</string>
				<key>PRODUCT_NAME</key>
				<string>$(TARGET_NAME)</string>
				<key>TEST_HOST</key>
				<string>$(BUILT_PRODUCTS_DIR)/JKSexyOptionsOpener.app/JKSexyOptionsOpener</string>
			</dict>
			<key>isa</key>
			<string>XCBuildConfiguration</string>
			<key>name</key>
			<string>Release</string>
		</dict>
		<key>383B83481A9A991500A23D01</key>
		<dict>
			<key>fileEncoding</key>
			<string>4</string>
			<key>isa</key>
			<string>PBXFileReference</string>
			<key>lastKnownFileType</key>
			<string>sourcecode.c.h</string>
			<key>path</key>
			<string>JKSexyOptionsOpenerViewController.h</string>
			<key>sourceTree</key>
			<string>&lt;group&gt;</string>
		</dict>
		<key>383B83491A9A991500A23D01</key>
		<dict>
			<key>fileEncoding</key>
			<string>4</string>
			<key>isa</key>
			<string>PBXFileReference</string>
			<key>lastKnownFileType</key>
			<string>sourcecode.c.objc</string>
			<key>path</key>
			<string>JKSexyOptionsOpenerViewController.m</string>
			<key>sourceTree</key>
			<string>&lt;group&gt;</string>
		</dict>
		<key>383B834A1A9A991500A23D01</key>
		<dict>
			<key>fileRef</key>
			<string>383B83491A9A991500A23D01</string>
			<key>isa</key>
			<string>PBXBuildFile</string>
		</dict>
		<key>383B834D1A9AA1BE00A23D01</key>
		<dict>
			<key>children</key>
			<array>
				<string>383B834E1A9AA27500A23D01</string>
				<string>383B834F1A9AA27500A23D01</string>
				<string>383B83501A9AA27500A23D01</string>
				<string>3873E23C1A9F559B002ADDB4</string>
				<string>383B83511A9AA27500A23D01</string>
				<string>383B83521A9AA27500A23D01</string>
				<string>383B83531A9AA27500A23D01</string>
			</array>
			<key>isa</key>
			<string>PBXGroup</string>
			<key>name</key>
			<string>images</string>
			<key>path</key>
			<string>images</string>
			<key>sourceTree</key>
			<string>&lt;group&gt;</string>
		</dict>
		<key>383B834E1A9AA27500A23D01</key>
		<dict>
			<key>isa</key>
			<string>PBXFileReference</string>
			<key>lastKnownFileType</key>
			<string>image.png</string>
			<key>path</key>
			<string>red.png</string>
			<key>sourceTree</key>
			<string>&lt;group&gt;</string>
		</dict>
		<key>383B834F1A9AA27500A23D01</key>
		<dict>
			<key>isa</key>
			<string>PBXFileReference</string>
			<key>lastKnownFileType</key>
			<string>image.png</string>
			<key>path</key>
			<string>gray.png</string>
			<key>sourceTree</key>
			<string>&lt;group&gt;</string>
		</dict>
		<key>383B83501A9AA27500A23D01</key>
		<dict>
			<key>isa</key>
			<string>PBXFileReference</string>
			<key>lastKnownFileType</key>
			<string>image.png</string>
			<key>path</key>
			<string>green.png</string>
			<key>sourceTree</key>
			<string>&lt;group&gt;</string>
		</dict>
		<key>383B83511A9AA27500A23D01</key>
		<dict>
			<key>isa</key>
			<string>PBXFileReference</string>
			<key>lastKnownFileType</key>
			<string>image.png</string>
			<key>path</key>
			<string>orange.png</string>
			<key>sourceTree</key>
			<string>&lt;group&gt;</string>
		</dict>
		<key>383B83521A9AA27500A23D01</key>
		<dict>
			<key>isa</key>
			<string>PBXFileReference</string>
			<key>lastKnownFileType</key>
			<string>image.png</string>
			<key>path</key>
			<string>yellow.png</string>
			<key>sourceTree</key>
			<string>&lt;group&gt;</string>
		</dict>
		<key>383B83531A9AA27500A23D01</key>
		<dict>
			<key>isa</key>
			<string>PBXFileReference</string>
			<key>lastKnownFileType</key>
			<string>image.png</string>
			<key>path</key>
			<string>blue.png</string>
			<key>sourceTree</key>
			<string>&lt;group&gt;</string>
		</dict>
		<key>383B83541A9AA27500A23D01</key>
		<dict>
			<key>fileRef</key>
			<string>383B834E1A9AA27500A23D01</string>
			<key>isa</key>
			<string>PBXBuildFile</string>
		</dict>
		<key>383B83551A9AA27500A23D01</key>
		<dict>
			<key>fileRef</key>
			<string>383B834F1A9AA27500A23D01</string>
			<key>isa</key>
			<string>PBXBuildFile</string>
		</dict>
		<key>383B83561A9AA27500A23D01</key>
		<dict>
			<key>fileRef</key>
			<string>383B83501A9AA27500A23D01</string>
			<key>isa</key>
			<string>PBXBuildFile</string>
		</dict>
		<key>383B83571A9AA27500A23D01</key>
		<dict>
			<key>fileRef</key>
			<string>383B83511A9AA27500A23D01</string>
			<key>isa</key>
			<string>PBXBuildFile</string>
		</dict>
		<key>383B83581A9AA27500A23D01</key>
		<dict>
			<key>fileRef</key>
			<string>383B83521A9AA27500A23D01</string>
			<key>isa</key>
			<string>PBXBuildFile</string>
		</dict>
		<key>383B83591A9AA27500A23D01</key>
		<dict>
			<key>fileRef</key>
			<string>383B83531A9AA27500A23D01</string>
			<key>isa</key>
			<string>PBXBuildFile</string>
		</dict>
		<key>383B835A1A9ADB1600A23D01</key>
		<dict>
			<key>fileEncoding</key>
			<string>4</string>
			<key>isa</key>
			<string>PBXFileReference</string>
			<key>lastKnownFileType</key>
			<string>sourcecode.c.h</string>
			<key>path</key>
			<string>CustomSexyButton.h</string>
			<key>sourceTree</key>
			<string>&lt;group&gt;</string>
		</dict>
		<key>383B835B1A9ADB1600A23D01</key>
		<dict>
			<key>fileEncoding</key>
			<string>4</string>
			<key>isa</key>
			<string>PBXFileReference</string>
			<key>lastKnownFileType</key>
			<string>sourcecode.c.objc</string>
			<key>path</key>
			<string>CustomSexyButton.m</string>
			<key>sourceTree</key>
			<string>&lt;group&gt;</string>
		</dict>
		<key>383B835C1A9ADB1600A23D01</key>
		<dict>
			<key>fileRef</key>
			<string>383B835B1A9ADB1600A23D01</string>
			<key>isa</key>
			<string>PBXBuildFile</string>
		</dict>
		<key>3873E23C1A9F559B002ADDB4</key>
		<dict>
			<key>isa</key>
			<string>PBXFileReference</string>
			<key>lastKnownFileType</key>
			<string>image.png</string>
			<key>path</key>
			<string>close-button.png</string>
			<key>sourceTree</key>
			<string>&lt;group&gt;</string>
		</dict>
		<key>3873E23D1A9F559B002ADDB4</key>
		<dict>
			<key>fileRef</key>
			<string>3873E23C1A9F559B002ADDB4</string>
			<key>isa</key>
			<string>PBXBuildFile</string>
		</dict>
		<key>389815451AA16ED300DC7854</key>
		<dict>
			<key>fileEncoding</key>
			<string>4</string>
			<key>isa</key>
			<string>PBXFileReference</string>
			<key>lastKnownFileType</key>
			<string>sourcecode.c.h</string>
			<key>path</key>
			<string>JKAnimatedOptionsOpenerView.h</string>
			<key>sourceTree</key>
			<string>&lt;group&gt;</string>
		</dict>
		<key>389815461AA16ED300DC7854</key>
		<dict>
			<key>fileEncoding</key>
			<string>4</string>
			<key>isa</key>
			<string>PBXFileReference</string>
			<key>lastKnownFileType</key>
			<string>sourcecode.c.objc</string>
			<key>path</key>
			<string>JKAnimatedOptionsOpenerView.m</string>
			<key>sourceTree</key>
			<string>&lt;group&gt;</string>
		</dict>
		<key>389815471AA16ED300DC7854</key>
		<dict>
			<key>fileRef</key>
			<string>389815461AA16ED300DC7854</string>
			<key>isa</key>
			<string>PBXBuildFile</string>
		</dict>
		<key>389815481AA2363300DC7854</key>
		<dict>
			<key>fileEncoding</key>
			<string>4</string>
			<key>isa</key>
			<string>PBXFileReference</string>
			<key>lastKnownFileType</key>
			<string>sourcecode.c.h</string>
			<key>path</key>
			<string>JKSexyOptionsOpenerDemoViewController.h</string>
			<key>sourceTree</key>
			<string>&lt;group&gt;</string>
		</dict>
		<key>389815491AA2363300DC7854</key>
		<dict>
			<key>fileEncoding</key>
			<string>4</string>
			<key>isa</key>
			<string>PBXFileReference</string>
			<key>lastKnownFileType</key>
			<string>sourcecode.c.objc</string>
			<key>path</key>
			<string>JKSexyOptionsOpenerDemoViewController.m</string>
			<key>sourceTree</key>
			<string>&lt;group&gt;</string>
		</dict>
		<key>3898154A1AA2363300DC7854</key>
		<dict>
			<key>fileRef</key>
			<string>389815491AA2363300DC7854</string>
			<key>isa</key>
			<string>PBXBuildFile</string>
		</dict>
		<key>3898154B1AA2482200DC7854</key>
		<dict>
			<key>fileEncoding</key>
			<string>4</string>
			<key>isa</key>
			<string>PBXFileReference</string>
			<key>lastKnownFileType</key>
			<string>sourcecode.c.h</string>
			<key>path</key>
			<string>JKOption.h</string>
			<key>sourceTree</key>
			<string>&lt;group&gt;</string>
		</dict>
		<key>3898154C1AA2482200DC7854</key>
		<dict>
			<key>fileEncoding</key>
			<string>4</string>
			<key>isa</key>
			<string>PBXFileReference</string>
			<key>lastKnownFileType</key>
			<string>sourcecode.c.objc</string>
			<key>path</key>
			<string>JKOption.m</string>
			<key>sourceTree</key>
			<string>&lt;group&gt;</string>
		</dict>
		<key>3898154D1AA2482200DC7854</key>
		<dict>
			<key>fileRef</key>
			<string>3898154C1AA2482200DC7854</string>
			<key>isa</key>
			<string>PBXBuildFile</string>
		</dict>
		<key>3898154F1AA251C800DC7854</key>
		<dict>
			<key>children</key>
			<array>
				<string>389815451AA16ED300DC7854</string>
				<string>389815461AA16ED300DC7854</string>
				<string>383B835A1A9ADB1600A23D01</string>
				<string>383B835B1A9ADB1600A23D01</string>
				<string>3898154B1AA2482200DC7854</string>
				<string>3898154C1AA2482200DC7854</string>
			</array>
			<key>isa</key>
			<string>PBXGroup</string>
			<key>name</key>
			<string>Classes</string>
			<key>path</key>
			<string>Classes</string>
			<key>sourceTree</key>
			<string>&lt;group&gt;</string>
		</dict>
		<key>389815501AA251E900DC7854</key>
		<dict>
			<key>children</key>
			<array>
				<string>389815481AA2363300DC7854</string>
				<string>389815491AA2363300DC7854</string>
			</array>
			<key>isa</key>
			<string>PBXGroup</string>
			<key>name</key>
			<string>Demo</string>
			<key>path</key>
			<string>Demo</string>
			<key>sourceTree</key>
			<string>&lt;group&gt;</string>
		</dict>
		<key>389815511AA251FA00DC7854</key>
		<dict>
			<key>children</key>
			<array>
				<string>383B83481A9A991500A23D01</string>
				<string>383B83491A9A991500A23D01</string>
			</array>
			<key>isa</key>
			<string>PBXGroup</string>
			<key>name</key>
			<string>Extra</string>
			<key>path</key>
			<string>Extra</string>
			<key>sourceTree</key>
			<string>&lt;group&gt;</string>
		</dict>
	</dict>
	<key>rootObject</key>
	<string>383B83141A9A975E00A23D01</string>
</dict>
</plist>
